{
  "name": "westina-status-bot",
  "version": "1.0.0",
  "lockfileVersion": 3,
  "requires": true,
  "packages": {
    "": {
      "name": "westina-status-bot",
      "version": "1.0.0",
      "license": "MIT",
      "dependencies": {
        "@discordjs/voice": "^0.18.0",
        "discord.js": "^14.11.0",
        "express": "^4.18.4"
      }
    }
  },
  "dependencies": {
    "@discordjs/voice": {
      "version": "0.18.0",
      "resolved": "https://registry.npmjs.org/@discordjs/voice/-/voice-0.18.0.tgz",
      "integrity": "sha512-XxQJvVpry2Fo0U88RGLdQmFeK6D5fDUAXScQaRAiEQ2Q5DNItNjO74RzwWSFzRz5RBoE1OZ6+kEMshzL7qv0gA==",
      "engines": {
        "node": ">=16.9.0"
      }
    },
    "discord.js": {
      "version": "14.11.0",
      "resolved": "https://registry.npmjs.org/discord.js/-/discord.js-14.11.0.tgz",
      "integrity": "sha512-o9DCeWkl+wb5n9oZbWf0YebZshm9qGj6eohMJdGRpuA2vVIXQLbB2flk8z2BLvItwX3WwpmX9vhXnTXV1XzsmQ==",
      "engines": {
        "node": ">=16.9.0"
      }
    },
    "express": {
      "version": "4.18.4",
      "resolved": "https://registry.npmjs.org/express/-/express-4.18.4.tgz",
      "integrity": "sha512-tt+3dVrNpt0pUqZAD/S6gxCJv7p3zUPSKMXf3jWTlMR0A2OE1nkV+etLP6UoEybpEDYj9SfvMqgWQj3lCK8CQA==",
      "engines": {
        "node": ">= 0.10.0"
      }
    }
  }
}
